
Microsoft Visual Studio Solution File, Format Version 12.00
# Visual Studio 15
VisualStudioVersion = 15.0.28307.572
MinimumVisualStudioVersion = 10.0.40219.1
Project("{FAE04EC0-301F-11D3-BF4B-00C04F79EFBC}") = "TelegramShedullerApp", "TelegramShedullerApp\TelegramShedullerApp.csproj", "{6E50A023-4E26-4370-8061-09594FBD6C46}"
EndProject
Project("{FAE04EC0-301F-11D3-BF4B-00C04F79EFBC}") = "MyShedullerAppTest", "MyShedullerAppTest\MyShedullerAppTest.csproj", "{9A08723E-F754-4C98-AC28-CEF621E38FAF}"
EndProject
Global
	GlobalSection(SolutionConfigurationPlatforms) = preSolution
		Debug|Any CPU = Debug|Any CPU
		Release|Any CPU = Release|Any CPU
	EndGlobalSection
	GlobalSection(ProjectConfigurationPlatforms) = postSolution
		{6E50A023-4E26-4370-8061-09594FBD6C46}.Debug|Any CPU.ActiveCfg = Debug|Any CPU
		{6E50A023-4E26-4370-8061-09594FBD6C46}.Debug|Any CPU.Build.0 = Debug|Any CPU
		{6E50A023-4E26-4370-8061-09594FBD6C46}.Release|Any CPU.ActiveCfg = Release|Any CPU
		{6E50A023-4E26-4370-8061-09594FBD6C46}.Release|Any CPU.Build.0 = Release|Any CPU
		{9A08723E-F754-4C98-AC28-CEF621E38FAF}.Debug|Any CPU.ActiveCfg = Debug|Any CPU
		{9A08723E-F754-4C98-AC28-CEF621E38FAF}.Debug|Any CPU.Build.0 = Debug|Any CPU
		{9A08723E-F754-4C98-AC28-CEF621E38FAF}.Release|Any CPU.ActiveCfg = Release|Any CPU
		{9A08723E-F754-4C98-AC28-CEF621E38FAF}.Release|Any CPU.Build.0 = Release|Any CPU
	EndGlobalSection
	GlobalSection(SolutionProperties) = preSolution
		HideSolutionNode = FALSE
	EndGlobalSection
	GlobalSection(ExtensibilityGlobals) = postSolution
		SolutionGuid = {780C19EB-BFE8-42E7-B6A9-9451C6D3A38D}
	EndGlobalSection
EndGlobal
